
Microsoft Visual Studio Solution File, Format Version 12.00
# Visual Studio Version 17
VisualStudioVersion = 17.11.35219.272
MinimumVisualStudioVersion = 10.0.40219.1
Project("{FAE04EC0-301F-11D3-BF4B-00C04F79EFBC}") = "View_Appsdev", "View_Appsdev.csproj", "{60997B51-9D68-4DD5-8894-D3123D12EB8B}"
EndProject
Global
	GlobalSection(SolutionConfigurationPlatforms) = preSolution
		Debug|Any CPU = Debug|Any CPU
		Release|Any CPU = Release|Any CPU
	EndGlobalSection
	GlobalSection(ProjectConfigurationPlatforms) = postSolution
		{60997B51-9D68-4DD5-8894-D3123D12EB8B}.Debug|Any CPU.ActiveCfg = Debug|Any CPU
		{60997B51-9D68-4DD5-8894-D3123D12EB8B}.Debug|Any CPU.Build.0 = Debug|Any CPU
		{60997B51-9D68-4DD5-8894-D3123D12EB8B}.Release|Any CPU.ActiveCfg = Release|Any CPU
		{60997B51-9D68-4DD5-8894-D3123D12EB8B}.Release|Any CPU.Build.0 = Release|Any CPU
	EndGlobalSection
	GlobalSection(SolutionProperties) = preSolution
		HideSolutionNode = FALSE
	EndGlobalSection
	GlobalSection(ExtensibilityGlobals) = postSolution
		SolutionGuid = {6B640584-D3B7-4042-B20A-E3DD50564E18}
	EndGlobalSection
EndGlobal
