
Microsoft Visual Studio Solution File, Format Version 12.00
# Visual Studio Version 17
VisualStudioVersion = 17.14.36408.4 d17.14
MinimumVisualStudioVersion = 10.0.40219.1
Project("{FAE04EC0-301F-11D3-BF4B-00C04F79EFBC}") = "VotingEligibilityApp", "VotingEligibilityApp.csproj", "{99D0DB1E-06DA-43E1-901F-0DD902AFF946}"
EndProject
Global
	GlobalSection(SolutionConfigurationPlatforms) = preSolution
		Debug|Any CPU = Debug|Any CPU
		Release|Any CPU = Release|Any CPU
	EndGlobalSection
	GlobalSection(ProjectConfigurationPlatforms) = postSolution
		{99D0DB1E-06DA-43E1-901F-0DD902AFF946}.Debug|Any CPU.ActiveCfg = Debug|Any CPU
		{99D0DB1E-06DA-43E1-901F-0DD902AFF946}.Debug|Any CPU.Build.0 = Debug|Any CPU
		{99D0DB1E-06DA-43E1-901F-0DD902AFF946}.Release|Any CPU.ActiveCfg = Release|Any CPU
		{99D0DB1E-06DA-43E1-901F-0DD902AFF946}.Release|Any CPU.Build.0 = Release|Any CPU
	EndGlobalSection
	GlobalSection(SolutionProperties) = preSolution
		HideSolutionNode = FALSE
	EndGlobalSection
	GlobalSection(ExtensibilityGlobals) = postSolution
		SolutionGuid = {A3867FA8-9C65-4987-B77D-E7B8DEB63FEC}
	EndGlobalSection
EndGlobal
